
Microsoft Visual Studio Solution File, Format Version 12.00
# Visual Studio 15
VisualStudioVersion = 15.0.28307.645
MinimumVisualStudioVersion = 10.0.40219.1
Project("{FAE04EC0-301F-11D3-BF4B-00C04F79EFBC}") = "HeadsOrTailsWarGame", "HeadsOrTailsWarGame\HeadsOrTailsWarGame.csproj", "{99F01F9A-274A-4CCD-862F-5406802D3EF3}"
EndProject
Project("{FAE04EC0-301F-11D3-BF4B-00C04F79EFBC}") = "GameFeatures", "GameFeatures\GameFeatures.csproj", "{4CFEA5E7-2689-45AD-A700-A689055523A2}"
EndProject
Project("{FAE04EC0-301F-11D3-BF4B-00C04F79EFBC}") = "GameEntities", "GameEntities\GameEntities.csproj", "{27E247EC-E793-40B5-8362-1535A6756207}"
EndProject
Project("{FAE04EC0-301F-11D3-BF4B-00C04F79EFBC}") = "GameObjectTypesConverter", "GameObjectTypesConverter\GameObjectTypesConverter.csproj", "{4AB1D32C-80EF-4766-B26A-9DE7B3670584}"
EndProject
Global
	GlobalSection(SolutionConfigurationPlatforms) = preSolution
		Debug|Any CPU = Debug|Any CPU
		Release|Any CPU = Release|Any CPU
	EndGlobalSection
	GlobalSection(ProjectConfigurationPlatforms) = postSolution
		{99F01F9A-274A-4CCD-862F-5406802D3EF3}.Debug|Any CPU.ActiveCfg = Debug|Any CPU
		{99F01F9A-274A-4CCD-862F-5406802D3EF3}.Debug|Any CPU.Build.0 = Debug|Any CPU
		{99F01F9A-274A-4CCD-862F-5406802D3EF3}.Release|Any CPU.ActiveCfg = Release|Any CPU
		{99F01F9A-274A-4CCD-862F-5406802D3EF3}.Release|Any CPU.Build.0 = Release|Any CPU
		{4CFEA5E7-2689-45AD-A700-A689055523A2}.Debug|Any CPU.ActiveCfg = Debug|Any CPU
		{4CFEA5E7-2689-45AD-A700-A689055523A2}.Debug|Any CPU.Build.0 = Debug|Any CPU
		{4CFEA5E7-2689-45AD-A700-A689055523A2}.Release|Any CPU.ActiveCfg = Release|Any CPU
		{4CFEA5E7-2689-45AD-A700-A689055523A2}.Release|Any CPU.Build.0 = Release|Any CPU
		{27E247EC-E793-40B5-8362-1535A6756207}.Debug|Any CPU.ActiveCfg = Debug|Any CPU
		{27E247EC-E793-40B5-8362-1535A6756207}.Debug|Any CPU.Build.0 = Debug|Any CPU
		{27E247EC-E793-40B5-8362-1535A6756207}.Release|Any CPU.ActiveCfg = Release|Any CPU
		{27E247EC-E793-40B5-8362-1535A6756207}.Release|Any CPU.Build.0 = Release|Any CPU
		{4AB1D32C-80EF-4766-B26A-9DE7B3670584}.Debug|Any CPU.ActiveCfg = Debug|Any CPU
		{4AB1D32C-80EF-4766-B26A-9DE7B3670584}.Debug|Any CPU.Build.0 = Debug|Any CPU
		{4AB1D32C-80EF-4766-B26A-9DE7B3670584}.Release|Any CPU.ActiveCfg = Release|Any CPU
		{4AB1D32C-80EF-4766-B26A-9DE7B3670584}.Release|Any CPU.Build.0 = Release|Any CPU
	EndGlobalSection
	GlobalSection(SolutionProperties) = preSolution
		HideSolutionNode = FALSE
	EndGlobalSection
	GlobalSection(ExtensibilityGlobals) = postSolution
		SolutionGuid = {E1253087-A771-46C7-B697-966AD7286FF2}
	EndGlobalSection
EndGlobal
