
Microsoft Visual Studio Solution File, Format Version 12.00
# Visual Studio 15
VisualStudioVersion = 15.0.28307.645
MinimumVisualStudioVersion = 10.0.40219.1
Project("{FAE04EC0-301F-11D3-BF4B-00C04F79EFBC}") = "HeadsOrTailsWarGame", "HeadsOrTailsWarGame\HeadsOrTailsWarGame.csproj", "{99F01F9A-274A-4CCD-862F-5406802D3EF3}"
EndProject
Project("{FAE04EC0-301F-11D3-BF4B-00C04F79EFBC}") = "GameRules", "GameRules\GameRules.csproj", "{92E33EC4-1600-4A84-84C8-F6A28A197CDF}"
EndProject
Global
	GlobalSection(SolutionConfigurationPlatforms) = preSolution
		Debug|Any CPU = Debug|Any CPU
		Release|Any CPU = Release|Any CPU
	EndGlobalSection
	GlobalSection(ProjectConfigurationPlatforms) = postSolution
		{99F01F9A-274A-4CCD-862F-5406802D3EF3}.Debug|Any CPU.ActiveCfg = Debug|Any CPU
		{99F01F9A-274A-4CCD-862F-5406802D3EF3}.Debug|Any CPU.Build.0 = Debug|Any CPU
		{99F01F9A-274A-4CCD-862F-5406802D3EF3}.Release|Any CPU.ActiveCfg = Release|Any CPU
		{99F01F9A-274A-4CCD-862F-5406802D3EF3}.Release|Any CPU.Build.0 = Release|Any CPU
		{92E33EC4-1600-4A84-84C8-F6A28A197CDF}.Debug|Any CPU.ActiveCfg = Debug|Any CPU
		{92E33EC4-1600-4A84-84C8-F6A28A197CDF}.Debug|Any CPU.Build.0 = Debug|Any CPU
		{92E33EC4-1600-4A84-84C8-F6A28A197CDF}.Release|Any CPU.ActiveCfg = Release|Any CPU
		{92E33EC4-1600-4A84-84C8-F6A28A197CDF}.Release|Any CPU.Build.0 = Release|Any CPU
	EndGlobalSection
	GlobalSection(SolutionProperties) = preSolution
		HideSolutionNode = FALSE
	EndGlobalSection
	GlobalSection(ExtensibilityGlobals) = postSolution
		SolutionGuid = {E1253087-A771-46C7-B697-966AD7286FF2}
	EndGlobalSection
EndGlobal
